
Microsoft Visual Studio Solution File, Format Version 12.00
# Visual Studio Version 16
VisualStudioVersion = 16.0.29411.108
MinimumVisualStudioVersion = 10.0.40219.1
Project("{FAE04EC0-301F-11D3-BF4B-00C04F79EFBC}") = "PresentationLayer", "PresentationLayer\PresentationLayer.csproj", "{A9D7A068-4BB6-4D7C-8A3B-05ABDD48282B}"
EndProject
Project("{FAE04EC0-301F-11D3-BF4B-00C04F79EFBC}") = "DataAccessLayer", "DataAccessLayer\DataAccessLayer.csproj", "{A2D06C8E-BC27-41BF-8ACF-DD6957613BB1}"
EndProject
Project("{FAE04EC0-301F-11D3-BF4B-00C04F79EFBC}") = "Tester", "Tester\Tester.csproj", "{6B2547AB-7F35-466F-AE8E-54DA6E970921}"
EndProject
Global
	GlobalSection(SolutionConfigurationPlatforms) = preSolution
		Debug|Any CPU = Debug|Any CPU
		Release|Any CPU = Release|Any CPU
	EndGlobalSection
	GlobalSection(ProjectConfigurationPlatforms) = postSolution
		{A9D7A068-4BB6-4D7C-8A3B-05ABDD48282B}.Debug|Any CPU.ActiveCfg = Debug|Any CPU
		{A9D7A068-4BB6-4D7C-8A3B-05ABDD48282B}.Debug|Any CPU.Build.0 = Debug|Any CPU
		{A9D7A068-4BB6-4D7C-8A3B-05ABDD48282B}.Release|Any CPU.ActiveCfg = Release|Any CPU
		{A9D7A068-4BB6-4D7C-8A3B-05ABDD48282B}.Release|Any CPU.Build.0 = Release|Any CPU
		{A2D06C8E-BC27-41BF-8ACF-DD6957613BB1}.Debug|Any CPU.ActiveCfg = Debug|Any CPU
		{A2D06C8E-BC27-41BF-8ACF-DD6957613BB1}.Debug|Any CPU.Build.0 = Debug|Any CPU
		{A2D06C8E-BC27-41BF-8ACF-DD6957613BB1}.Release|Any CPU.ActiveCfg = Release|Any CPU
		{A2D06C8E-BC27-41BF-8ACF-DD6957613BB1}.Release|Any CPU.Build.0 = Release|Any CPU
		{6B2547AB-7F35-466F-AE8E-54DA6E970921}.Debug|Any CPU.ActiveCfg = Debug|Any CPU
		{6B2547AB-7F35-466F-AE8E-54DA6E970921}.Debug|Any CPU.Build.0 = Debug|Any CPU
		{6B2547AB-7F35-466F-AE8E-54DA6E970921}.Release|Any CPU.ActiveCfg = Release|Any CPU
		{6B2547AB-7F35-466F-AE8E-54DA6E970921}.Release|Any CPU.Build.0 = Release|Any CPU
	EndGlobalSection
	GlobalSection(SolutionProperties) = preSolution
		HideSolutionNode = FALSE
	EndGlobalSection
	GlobalSection(ExtensibilityGlobals) = postSolution
		SolutionGuid = {AA05F495-9D5A-40F3-A929-2053750C8760}
	EndGlobalSection
EndGlobal
